
Microsoft Visual Studio Solution File, Format Version 12.00
# Visual Studio Version 17
VisualStudioVersion = 17.5.33530.505
MinimumVisualStudioVersion = 10.0.40219.1
Project("{9A19103F-16F7-4668-BE54-9A1E7A4F7556}") = "01_Base", "01_Base\01_Base.csproj", "{8CA14ACA-D1FC-42D6-8B64-B0D5958D215F}"
EndProject
Project("{9A19103F-16F7-4668-BE54-9A1E7A4F7556}") = "02_Homework", "02_Homework\02_Homework.csproj", "{EB7B1320-EB2D-4996-9951-DC5974FA2B1D}"
EndProject
Project("{9A19103F-16F7-4668-BE54-9A1E7A4F7556}") = "03_Homework", "03_Homework\03_Homework.csproj", "{738D2B1F-CDDD-439B-9553-BB0768CA91AE}"
EndProject
Project("{9A19103F-16F7-4668-BE54-9A1E7A4F7556}") = "04_Homework", "04_Homework\04_Homework.csproj", "{2941952F-A6AB-4EB8-814A-D2C9E125C4A2}"
EndProject
Project("{FAE04EC0-301F-11D3-BF4B-00C04F79EFBC}") = "05_Homework", "05_Homework\05_Homework.csproj", "{7B5B691D-32C1-4D93-AA2A-CB559B2AAD4E}"
EndProject
Global
	GlobalSection(SolutionConfigurationPlatforms) = preSolution
		Debug|Any CPU = Debug|Any CPU
		Release|Any CPU = Release|Any CPU
	EndGlobalSection
	GlobalSection(ProjectConfigurationPlatforms) = postSolution
		{8CA14ACA-D1FC-42D6-8B64-B0D5958D215F}.Debug|Any CPU.ActiveCfg = Debug|Any CPU
		{8CA14ACA-D1FC-42D6-8B64-B0D5958D215F}.Debug|Any CPU.Build.0 = Debug|Any CPU
		{8CA14ACA-D1FC-42D6-8B64-B0D5958D215F}.Release|Any CPU.ActiveCfg = Release|Any CPU
		{8CA14ACA-D1FC-42D6-8B64-B0D5958D215F}.Release|Any CPU.Build.0 = Release|Any CPU
		{EB7B1320-EB2D-4996-9951-DC5974FA2B1D}.Debug|Any CPU.ActiveCfg = Debug|Any CPU
		{EB7B1320-EB2D-4996-9951-DC5974FA2B1D}.Debug|Any CPU.Build.0 = Debug|Any CPU
		{EB7B1320-EB2D-4996-9951-DC5974FA2B1D}.Release|Any CPU.ActiveCfg = Release|Any CPU
		{EB7B1320-EB2D-4996-9951-DC5974FA2B1D}.Release|Any CPU.Build.0 = Release|Any CPU
		{738D2B1F-CDDD-439B-9553-BB0768CA91AE}.Debug|Any CPU.ActiveCfg = Debug|Any CPU
		{738D2B1F-CDDD-439B-9553-BB0768CA91AE}.Debug|Any CPU.Build.0 = Debug|Any CPU
		{738D2B1F-CDDD-439B-9553-BB0768CA91AE}.Release|Any CPU.ActiveCfg = Release|Any CPU
		{738D2B1F-CDDD-439B-9553-BB0768CA91AE}.Release|Any CPU.Build.0 = Release|Any CPU
		{2941952F-A6AB-4EB8-814A-D2C9E125C4A2}.Debug|Any CPU.ActiveCfg = Debug|Any CPU
		{2941952F-A6AB-4EB8-814A-D2C9E125C4A2}.Debug|Any CPU.Build.0 = Debug|Any CPU
		{2941952F-A6AB-4EB8-814A-D2C9E125C4A2}.Release|Any CPU.ActiveCfg = Release|Any CPU
		{2941952F-A6AB-4EB8-814A-D2C9E125C4A2}.Release|Any CPU.Build.0 = Release|Any CPU
		{7B5B691D-32C1-4D93-AA2A-CB559B2AAD4E}.Debug|Any CPU.ActiveCfg = Debug|Any CPU
		{7B5B691D-32C1-4D93-AA2A-CB559B2AAD4E}.Debug|Any CPU.Build.0 = Debug|Any CPU
		{7B5B691D-32C1-4D93-AA2A-CB559B2AAD4E}.Release|Any CPU.ActiveCfg = Release|Any CPU
		{7B5B691D-32C1-4D93-AA2A-CB559B2AAD4E}.Release|Any CPU.Build.0 = Release|Any CPU
	EndGlobalSection
	GlobalSection(SolutionProperties) = preSolution
		HideSolutionNode = FALSE
	EndGlobalSection
	GlobalSection(ExtensibilityGlobals) = postSolution
		SolutionGuid = {EBEDB007-4D31-4DE4-8DE0-6CBE63FC7BD3}
	EndGlobalSection
EndGlobal
